
Microsoft Visual Studio Solution File, Format Version 12.00
# Visual Studio Version 17
VisualStudioVersion = 17.7.34031.279
MinimumVisualStudioVersion = 10.0.40219.1
Project("{FAE04EC0-301F-11D3-BF4B-00C04F79EFBC}") = "animalHandler", "animalHandler\animalHandler.csproj", "{0794C160-DA84-4FCC-ADE0-2B830C1062E3}"
EndProject
Global
	GlobalSection(SolutionConfigurationPlatforms) = preSolution
		Debug|Any CPU = Debug|Any CPU
		Release|Any CPU = Release|Any CPU
	EndGlobalSection
	GlobalSection(ProjectConfigurationPlatforms) = postSolution
		{0794C160-DA84-4FCC-ADE0-2B830C1062E3}.Debug|Any CPU.ActiveCfg = Debug|Any CPU
		{0794C160-DA84-4FCC-ADE0-2B830C1062E3}.Debug|Any CPU.Build.0 = Debug|Any CPU
		{0794C160-DA84-4FCC-ADE0-2B830C1062E3}.Release|Any CPU.ActiveCfg = Release|Any CPU
		{0794C160-DA84-4FCC-ADE0-2B830C1062E3}.Release|Any CPU.Build.0 = Release|Any CPU
	EndGlobalSection
	GlobalSection(SolutionProperties) = preSolution
		HideSolutionNode = FALSE
	EndGlobalSection
	GlobalSection(ExtensibilityGlobals) = postSolution
		SolutionGuid = {8AEC9DF5-8390-41AC-A463-34213C4C83EE}
	EndGlobalSection
EndGlobal
